
Microsoft Visual Studio Solution File, Format Version 12.00
# Visual Studio 2013
VisualStudioVersion = 12.0.40629.0
MinimumVisualStudioVersion = 10.0.40219.1
Project("{FAE04EC0-301F-11D3-BF4B-00C04F79EFBC}") = "EstadosCuenta", "EstadosCuenta\EstadosCuenta.csproj", "{4184BB2C-4C07-4D26-AAC9-01593D438B0D}"
EndProject
Project("{FAE04EC0-301F-11D3-BF4B-00C04F79EFBC}") = "EdoCta", "EdoCta\EdoCta.csproj", "{1FAC0D3A-190B-40C2-BB6F-5475F559112F}"
EndProject
Global
	GlobalSection(SolutionConfigurationPlatforms) = preSolution
		Debug|Any CPU = Debug|Any CPU
		Release|Any CPU = Release|Any CPU
	EndGlobalSection
	GlobalSection(ProjectConfigurationPlatforms) = postSolution
		{4184BB2C-4C07-4D26-AAC9-01593D438B0D}.Debug|Any CPU.ActiveCfg = Debug|Any CPU
		{4184BB2C-4C07-4D26-AAC9-01593D438B0D}.Debug|Any CPU.Build.0 = Debug|Any CPU
		{4184BB2C-4C07-4D26-AAC9-01593D438B0D}.Release|Any CPU.ActiveCfg = Release|Any CPU
		{4184BB2C-4C07-4D26-AAC9-01593D438B0D}.Release|Any CPU.Build.0 = Release|Any CPU
		{1FAC0D3A-190B-40C2-BB6F-5475F559112F}.Debug|Any CPU.ActiveCfg = Debug|Any CPU
		{1FAC0D3A-190B-40C2-BB6F-5475F559112F}.Debug|Any CPU.Build.0 = Debug|Any CPU
		{1FAC0D3A-190B-40C2-BB6F-5475F559112F}.Release|Any CPU.ActiveCfg = Release|Any CPU
		{1FAC0D3A-190B-40C2-BB6F-5475F559112F}.Release|Any CPU.Build.0 = Release|Any CPU
	EndGlobalSection
	GlobalSection(SolutionProperties) = preSolution
		HideSolutionNode = FALSE
	EndGlobalSection
EndGlobal
